// !$*UTF8*$!
{
	archiveVersion = 1;
	classes = {
	};
	objectVersion = 46;
	objects = {

/* Begin PBXBuildFile section */
		4A11D77A1CCAEC3400E4C363 /* MetovaBase.framework in Frameworks */ = {isa = PBXBuildFile; fileRef = 4A11D76F1CCAEC3400E4C363 /* MetovaBase.framework */; };
		4AED65651CCD021A00A70087 /* BaseViewControllerKeyboardNotificationTests.swift in Sources */ = {isa = PBXBuildFile; fileRef = 4A66162C1CCBB9970048EA51 /* BaseViewControllerKeyboardNotificationTests.swift */; };
		4AED65661CCD021E00A70087 /* BaseViewControllerFramesTests.swift in Sources */ = {isa = PBXBuildFile; fileRef = 4A8A5A3D1CCBD69F005CB318 /* BaseViewControllerFramesTests.swift */; };
		4AED656B1CCD023100A70087 /* BaseViewController.swift in Sources */ = {isa = PBXBuildFile; fileRef = 4A38463B1CCAFA2A00B7A2B6 /* BaseViewController.swift */; };
		4AED656C1CCD023300A70087 /* KeyboardNotificationDelegate.swift in Sources */ = {isa = PBXBuildFile; fileRef = 4A3846401CCAFB5800B7A2B6 /* KeyboardNotificationDelegate.swift */; };
		4AED656D1CCD023700A70087 /* BaseViewControllerKeyboard.swift in Sources */ = {isa = PBXBuildFile; fileRef = 4A3846451CCAFFE500B7A2B6 /* BaseViewControllerKeyboard.swift */; };
		4AED656F1CCD024100A70087 /* BaseViewControllerConvenience.swift in Sources */ = {isa = PBXBuildFile; fileRef = 4A3846431CCAFC0E00B7A2B6 /* BaseViewControllerConvenience.swift */; };
		4AED65701CCD024400A70087 /* BaseViewControllerFrames.swift in Sources */ = {isa = PBXBuildFile; fileRef = 4A3846471CCB143E00B7A2B6 /* BaseViewControllerFrames.swift */; };
		4AED65711CCD024900A70087 /* BaseViewControllerFirstResponderTests.swift in Sources */ = {isa = PBXBuildFile; fileRef = 4A8A5A4E1CCBE31F005CB318 /* BaseViewControllerFirstResponderTests.swift */; };
		4AED65721CCD024B00A70087 /* BaseViewControllerAdjustContentInsetTests.swift in Sources */ = {isa = PBXBuildFile; fileRef = 4A8A5A501CCBE367005CB318 /* BaseViewControllerAdjustContentInsetTests.swift */; };
		4AED65731CCD024E00A70087 /* NotificationHelper.swift in Sources */ = {isa = PBXBuildFile; fileRef = 4A8A5A3F1CCBD822005CB318 /* NotificationHelper.swift */; };
		4AED65741CCD025600A70087 /* ObjectiveCTry.m in Sources */ = {isa = PBXBuildFile; fileRef = 4A6616251CCBA69A0048EA51 /* ObjectiveCTry.m */; };
		4AED65751CCD025900A70087 /* AssertNoException.swift in Sources */ = {isa = PBXBuildFile; fileRef = 4A6616291CCBB3D70048EA51 /* AssertNoException.swift */; };
		4AED65761CCD02A200A70087 /* MetovaBase.h in Headers */ = {isa = PBXBuildFile; fileRef = 4A11D78A1CCAF27800E4C363 /* MetovaBase.h */; settings = {ATTRIBUTES = (Public, ); }; };
/* End PBXBuildFile section */

/* Begin PBXContainerItemProxy section */
		4A11D77B1CCAEC3400E4C363 /* PBXContainerItemProxy */ = {
			isa = PBXContainerItemProxy;
			containerPortal = 4A11D7641CCAEBB900E4C363 /* Project object */;
			proxyType = 1;
			remoteGlobalIDString = 4A11D76E1CCAEC3400E4C363;
			remoteInfo = "BaseCamp iOS";
		};
/* End PBXContainerItemProxy section */

/* Begin PBXFileReference section */
		4A0315461CCE605300DDCB26 /* LICENSE */ = {isa = PBXFileReference; fileEncoding = 4; lastKnownFileType = text; path = LICENSE; sourceTree = "<group>"; };
		4A11D76F1CCAEC3400E4C363 /* MetovaBase.framework */ = {isa = PBXFileReference; explicitFileType = wrapper.framework; includeInIndex = 0; path = MetovaBase.framework; sourceTree = BUILT_PRODUCTS_DIR; };
		4A11D7791CCAEC3400E4C363 /* MetovaBase.xctest */ = {isa = PBXFileReference; explicitFileType = wrapper.cfbundle; includeInIndex = 0; path = MetovaBase.xctest; sourceTree = BUILT_PRODUCTS_DIR; };
		4A11D7801CCAEC3400E4C363 /* Info.plist */ = {isa = PBXFileReference; lastKnownFileType = text.plist.xml; path = Info.plist; sourceTree = "<group>"; };
		4A11D78A1CCAF27800E4C363 /* MetovaBase.h */ = {isa = PBXFileReference; fileEncoding = 4; lastKnownFileType = sourcecode.c.h; path = MetovaBase.h; sourceTree = "<group>"; };
		4A11D78B1CCAF27800E4C363 /* Info.plist */ = {isa = PBXFileReference; fileEncoding = 4; lastKnownFileType = text.plist.xml; path = Info.plist; sourceTree = "<group>"; };
		4A38463B1CCAFA2A00B7A2B6 /* BaseViewController.swift */ = {isa = PBXFileReference; fileEncoding = 4; lastKnownFileType = sourcecode.swift; path = BaseViewController.swift; sourceTree = "<group>"; };
		4A3846401CCAFB5800B7A2B6 /* KeyboardNotificationDelegate.swift */ = {isa = PBXFileReference; fileEncoding = 4; lastKnownFileType = sourcecode.swift; path = KeyboardNotificationDelegate.swift; sourceTree = "<group>"; };
		4A3846431CCAFC0E00B7A2B6 /* BaseViewControllerConvenience.swift */ = {isa = PBXFileReference; fileEncoding = 4; lastKnownFileType = sourcecode.swift; path = BaseViewControllerConvenience.swift; sourceTree = "<group>"; };
		4A3846451CCAFFE500B7A2B6 /* BaseViewControllerKeyboard.swift */ = {isa = PBXFileReference; fileEncoding = 4; lastKnownFileType = sourcecode.swift; path = BaseViewControllerKeyboard.swift; sourceTree = "<group>"; };
		4A3846471CCB143E00B7A2B6 /* BaseViewControllerFrames.swift */ = {isa = PBXFileReference; fileEncoding = 4; lastKnownFileType = sourcecode.swift; path = BaseViewControllerFrames.swift; sourceTree = "<group>"; };
		4A6616231CCBA6990048EA51 /* MetovaBaseTests-Bridging-Header.h */ = {isa = PBXFileReference; lastKnownFileType = sourcecode.c.h; path = "MetovaBaseTests-Bridging-Header.h"; sourceTree = "<group>"; };
		4A6616241CCBA69A0048EA51 /* ObjectiveCTry.h */ = {isa = PBXFileReference; fileEncoding = 4; lastKnownFileType = sourcecode.c.h; path = ObjectiveCTry.h; sourceTree = "<group>"; };
		4A6616251CCBA69A0048EA51 /* ObjectiveCTry.m */ = {isa = PBXFileReference; fileEncoding = 4; lastKnownFileType = sourcecode.c.objc; path = ObjectiveCTry.m; sourceTree = "<group>"; };
		4A6616291CCBB3D70048EA51 /* AssertNoException.swift */ = {isa = PBXFileReference; fileEncoding = 4; lastKnownFileType = sourcecode.swift; path = AssertNoException.swift; sourceTree = "<group>"; };
		4A66162C1CCBB9970048EA51 /* BaseViewControllerKeyboardNotificationTests.swift */ = {isa = PBXFileReference; fileEncoding = 4; lastKnownFileType = sourcecode.swift; path = BaseViewControllerKeyboardNotificationTests.swift; sourceTree = "<group>"; };
		4A8A5A3D1CCBD69F005CB318 /* BaseViewControllerFramesTests.swift */ = {isa = PBXFileReference; fileEncoding = 4; lastKnownFileType = sourcecode.swift; path = BaseViewControllerFramesTests.swift; sourceTree = "<group>"; };
		4A8A5A3F1CCBD822005CB318 /* NotificationHelper.swift */ = {isa = PBXFileReference; fileEncoding = 4; lastKnownFileType = sourcecode.swift; path = NotificationHelper.swift; sourceTree = "<group>"; };
		4A8A5A411CCBE10B005CB318 /* MetovaBase.podspec */ = {isa = PBXFileReference; fileEncoding = 4; indentWidth = 2; lastKnownFileType = text; path = MetovaBase.podspec; sourceTree = "<group>"; };
		4A8A5A441CCBE1D7005CB318 /* README.md */ = {isa = PBXFileReference; fileEncoding = 4; lastKnownFileType = net.daringfireball.markdown; path = README.md; sourceTree = "<group>"; };
		4A8A5A461CCBE275005CB318 /* .gitignore */ = {isa = PBXFileReference; fileEncoding = 4; lastKnownFileType = text; path = .gitignore; sourceTree = "<group>"; };
		4A8A5A471CCBE275005CB318 /* .slather.yml */ = {isa = PBXFileReference; fileEncoding = 4; lastKnownFileType = text; path = .slather.yml; sourceTree = "<group>"; };
		4A8A5A481CCBE275005CB318 /* .swiftlint.yml */ = {isa = PBXFileReference; fileEncoding = 4; indentWidth = 2; lastKnownFileType = text; path = .swiftlint.yml; sourceTree = "<group>"; };
		4A8A5A491CCBE275005CB318 /* Gemfile */ = {isa = PBXFileReference; fileEncoding = 4; indentWidth = 2; lastKnownFileType = text; path = Gemfile; sourceTree = "<group>"; };
		4A8A5A4E1CCBE31F005CB318 /* BaseViewControllerFirstResponderTests.swift */ = {isa = PBXFileReference; fileEncoding = 4; lastKnownFileType = sourcecode.swift; path = BaseViewControllerFirstResponderTests.swift; sourceTree = "<group>"; };
		4A8A5A501CCBE367005CB318 /* BaseViewControllerAdjustContentInsetTests.swift */ = {isa = PBXFileReference; fileEncoding = 4; lastKnownFileType = sourcecode.swift; path = BaseViewControllerAdjustContentInsetTests.swift; sourceTree = "<group>"; };
		4AD7CB6F1CCC05B60006C1A5 /* Package.swift */ = {isa = PBXFileReference; lastKnownFileType = sourcecode.swift; path = Package.swift; sourceTree = "<group>"; };
		4AD7CB721CCC077F0006C1A5 /* CHANGELOG.md */ = {isa = PBXFileReference; fileEncoding = 4; lastKnownFileType = net.daringfireball.markdown; path = CHANGELOG.md; sourceTree = "<group>"; };
		6E08D1FD1CCFAD6A00426439 /* .travis.yml */ = {isa = PBXFileReference; lastKnownFileType = text; path = .travis.yml; sourceTree = "<group>"; };
/* End PBXFileReference section */

/* Begin PBXFrameworksBuildPhase section */
		4A11D76B1CCAEC3400E4C363 /* Frameworks */ = {
			isa = PBXFrameworksBuildPhase;
			buildActionMask = 2147483647;
			files = (
			);
			runOnlyForDeploymentPostprocessing = 0;
		};
		4A11D7761CCAEC3400E4C363 /* Frameworks */ = {
			isa = PBXFrameworksBuildPhase;
			buildActionMask = 2147483647;
			files = (
				4A11D77A1CCAEC3400E4C363 /* MetovaBase.framework in Frameworks */,
			);
			runOnlyForDeploymentPostprocessing = 0;
		};
/* End PBXFrameworksBuildPhase section */

/* Begin PBXGroup section */
		4A11D7631CCAEBB900E4C363 = {
			isa = PBXGroup;
			children = (
				4A8A5A431CCBE133005CB318 /* MetovaBaseMetaData */,
				4A11D7711CCAEC3400E4C363 /* MetovaBase */,
				4A11D77D1CCAEC3400E4C363 /* MetovaBaseTests */,
				4A11D7701CCAEC3400E4C363 /* Products */,
			);
			sourceTree = "<group>";
		};
		4A11D7701CCAEC3400E4C363 /* Products */ = {
			isa = PBXGroup;
			children = (
				4A11D76F1CCAEC3400E4C363 /* MetovaBase.framework */,
				4A11D7791CCAEC3400E4C363 /* MetovaBase.xctest */,
			);
			name = Products;
			sourceTree = "<group>";
		};
		4A11D7711CCAEC3400E4C363 /* MetovaBase */ = {
			isa = PBXGroup;
			children = (
				4A11D78A1CCAF27800E4C363 /* MetovaBase.h */,
				4A38463A1CCAFA0F00B7A2B6 /* BaseViewController */,
				4A11D78B1CCAF27800E4C363 /* Info.plist */,
			);
			path = MetovaBase;
			sourceTree = "<group>";
		};
		4A11D77D1CCAEC3400E4C363 /* MetovaBaseTests */ = {
			isa = PBXGroup;
			children = (
				4A66162B1CCBB96B0048EA51 /* BaseViewControllerTests */,
				4A6616271CCBA6AB0048EA51 /* ObjectiveC */,
				4A11D7801CCAEC3400E4C363 /* Info.plist */,
			);
			path = MetovaBaseTests;
			sourceTree = "<group>";
		};
		4A38463A1CCAFA0F00B7A2B6 /* BaseViewController */ = {
			isa = PBXGroup;
			children = (
				4A38463B1CCAFA2A00B7A2B6 /* BaseViewController.swift */,
				4A3846401CCAFB5800B7A2B6 /* KeyboardNotificationDelegate.swift */,
				4A3846451CCAFFE500B7A2B6 /* BaseViewControllerKeyboard.swift */,
				4A3846431CCAFC0E00B7A2B6 /* BaseViewControllerConvenience.swift */,
				4A3846471CCB143E00B7A2B6 /* BaseViewControllerFrames.swift */,
			);
			path = BaseViewController;
			sourceTree = "<group>";
		};
		4A6616271CCBA6AB0048EA51 /* ObjectiveC */ = {
			isa = PBXGroup;
			children = (
				4A6616231CCBA6990048EA51 /* MetovaBaseTests-Bridging-Header.h */,
				4A6616281CCBB3B80048EA51 /* ExceptionHandling */,
			);
			path = ObjectiveC;
			sourceTree = "<group>";
		};
		4A6616281CCBB3B80048EA51 /* ExceptionHandling */ = {
			isa = PBXGroup;
			children = (
				4A6616241CCBA69A0048EA51 /* ObjectiveCTry.h */,
				4A6616251CCBA69A0048EA51 /* ObjectiveCTry.m */,
				4A6616291CCBB3D70048EA51 /* AssertNoException.swift */,
			);
			path = ExceptionHandling;
			sourceTree = "<group>";
		};
		4A66162B1CCBB96B0048EA51 /* BaseViewControllerTests */ = {
			isa = PBXGroup;
			children = (
				4A66162C1CCBB9970048EA51 /* BaseViewControllerKeyboardNotificationTests.swift */,
				4A8A5A3D1CCBD69F005CB318 /* BaseViewControllerFramesTests.swift */,
				4A8A5A4E1CCBE31F005CB318 /* BaseViewControllerFirstResponderTests.swift */,
				4A8A5A501CCBE367005CB318 /* BaseViewControllerAdjustContentInsetTests.swift */,
				4A8A5A3F1CCBD822005CB318 /* NotificationHelper.swift */,
			);
			path = BaseViewControllerTests;
			sourceTree = "<group>";
		};
		4A8A5A431CCBE133005CB318 /* MetovaBaseMetaData */ = {
			isa = PBXGroup;
			children = (
				4A8A5A461CCBE275005CB318 /* .gitignore */,
				4A8A5A471CCBE275005CB318 /* .slather.yml */,
				4A8A5A481CCBE275005CB318 /* .swiftlint.yml */,
				6E08D1FD1CCFAD6A00426439 /* .travis.yml */,
				4A8A5A491CCBE275005CB318 /* Gemfile */,
				4A8A5A411CCBE10B005CB318 /* MetovaBase.podspec */,
				4AD7CB6F1CCC05B60006C1A5 /* Package.swift */,
				4A8A5A441CCBE1D7005CB318 /* README.md */,
				4AD7CB721CCC077F0006C1A5 /* CHANGELOG.md */,
				4A0315461CCE605300DDCB26 /* LICENSE */,
			);
			name = MetovaBaseMetaData;
			sourceTree = "<group>";
		};
/* End PBXGroup section */

/* Begin PBXHeadersBuildPhase section */
		4A11D76C1CCAEC3400E4C363 /* Headers */ = {
			isa = PBXHeadersBuildPhase;
			buildActionMask = 2147483647;
			files = (
				4AED65761CCD02A200A70087 /* MetovaBase.h in Headers */,
			);
			runOnlyForDeploymentPostprocessing = 0;
		};
/* End PBXHeadersBuildPhase section */

/* Begin PBXNativeTarget section */
		4A11D76E1CCAEC3400E4C363 /* MetovaBase-iOS */ = {
			isa = PBXNativeTarget;
			buildConfigurationList = 4A11D7811CCAEC3400E4C363 /* Build configuration list for PBXNativeTarget "MetovaBase-iOS" */;
			buildPhases = (
				4A11D76A1CCAEC3400E4C363 /* Sources */,
				4A11D76B1CCAEC3400E4C363 /* Frameworks */,
				4A11D76C1CCAEC3400E4C363 /* Headers */,
				4A11D76D1CCAEC3400E4C363 /* Resources */,
				4A11D7871CCAF09300E4C363 /* SwiftLint */,
				4A11D7881CCAF0BB00E4C363 /* TODO Warnings */,
				4A11D7891CCAF11600E4C363 /* Automatically Increment Build Number */,
			);
			buildRules = (
			);
			dependencies = (
			);
			name = "MetovaBase-iOS";
			productName = "BaseCamp iOS";
			productReference = 4A11D76F1CCAEC3400E4C363 /* MetovaBase.framework */;
			productType = "com.apple.product-type.framework";
		};
		4A11D7781CCAEC3400E4C363 /* MetovaBase-iOSTests */ = {
			isa = PBXNativeTarget;
			buildConfigurationList = 4A11D7841CCAEC3400E4C363 /* Build configuration list for PBXNativeTarget "MetovaBase-iOSTests" */;
			buildPhases = (
				4A11D7751CCAEC3400E4C363 /* Sources */,
				4A11D7761CCAEC3400E4C363 /* Frameworks */,
				4A11D7771CCAEC3400E4C363 /* Resources */,
			);
			buildRules = (
			);
			dependencies = (
				4A11D77C1CCAEC3400E4C363 /* PBXTargetDependency */,
			);
			name = "MetovaBase-iOSTests";
			productName = "BaseCamp iOSTests";
			productReference = 4A11D7791CCAEC3400E4C363 /* MetovaBase.xctest */;
			productType = "com.apple.product-type.bundle.unit-test";
		};
/* End PBXNativeTarget section */

/* Begin PBXProject section */
		4A11D7641CCAEBB900E4C363 /* Project object */ = {
			isa = PBXProject;
			attributes = {
				LastSwiftUpdateCheck = 0730;
				LastUpgradeCheck = 0730;
				ORGANIZATIONNAME = Metova;
				TargetAttributes = {
					4A11D76E1CCAEC3400E4C363 = {
						CreatedOnToolsVersion = 7.2.1;
					};
					4A11D7781CCAEC3400E4C363 = {
						CreatedOnToolsVersion = 7.2.1;
					};
				};
			};
			buildConfigurationList = 4A11D7671CCAEBB900E4C363 /* Build configuration list for PBXProject "MetovaBase" */;
			compatibilityVersion = "Xcode 3.2";
			developmentRegion = English;
			hasScannedForEncodings = 0;
			knownRegions = (
				en,
			);
			mainGroup = 4A11D7631CCAEBB900E4C363;
			productRefGroup = 4A11D7701CCAEC3400E4C363 /* Products */;
			projectDirPath = "";
			projectRoot = "";
			targets = (
				4A11D76E1CCAEC3400E4C363 /* MetovaBase-iOS */,
				4A11D7781CCAEC3400E4C363 /* MetovaBase-iOSTests */,
			);
		};
/* End PBXProject section */

/* Begin PBXResourcesBuildPhase section */
		4A11D76D1CCAEC3400E4C363 /* Resources */ = {
			isa = PBXResourcesBuildPhase;
			buildActionMask = 2147483647;
			files = (
			);
			runOnlyForDeploymentPostprocessing = 0;
		};
		4A11D7771CCAEC3400E4C363 /* Resources */ = {
			isa = PBXResourcesBuildPhase;
			buildActionMask = 2147483647;
			files = (
			);
			runOnlyForDeploymentPostprocessing = 0;
		};
/* End PBXResourcesBuildPhase section */

/* Begin PBXShellScriptBuildPhase section */
		4A11D7871CCAF09300E4C363 /* SwiftLint */ = {
			isa = PBXShellScriptBuildPhase;
			buildActionMask = 2147483647;
			files = (
			);
			inputPaths = (
			);
			name = SwiftLint;
			outputPaths = (
			);
			runOnlyForDeploymentPostprocessing = 0;
			shellPath = /bin/sh;
			shellScript = "if which swiftlint >/dev/null; then\n    swiftlint autocorrect && swiftlint\nelse\n    cat << EOM\nerror: SwiftLint not installed.\n\nYou can install SwiftLint via Homebrew:\n\n$ brew update\n$ brew install swiftlint\n\nFor more information, visit https://github.com/realm/SwiftLint\nEOM\n    exit 1\nfi";
		};
		4A11D7881CCAF0BB00E4C363 /* TODO Warnings */ = {
			isa = PBXShellScriptBuildPhase;
			buildActionMask = 2147483647;
			files = (
			);
			inputPaths = (
			);
			name = "TODO Warnings";
			outputPaths = (
			);
			runOnlyForDeploymentPostprocessing = 0;
			shellPath = /bin/sh;
			shellScript = "if [ \"${CONFIGURATION}\" = \"Debug\" ]; then\n    KEYWORDS=\"TODO|\\?\\?\\?:|\\!\\!\\!:\"\n    find \"${SRCROOT}/MetovaBase\" \"${SRCROOT}/MetovaBaseTests\" \\( -name \"*.h\" -or -name \"*.m\" -or -name \"*.swift\" \\) -print0 | \\\n    xargs -0 egrep --with-filename --line-number --only-matching \"($KEYWORDS).*\\$\" | \\\n    perl -p -e \"s/($KEYWORDS)/ warning: \\$1/\"\nfi";
		};
		4A11D7891CCAF11600E4C363 /* Automatically Increment Build Number */ = {
			isa = PBXShellScriptBuildPhase;
			buildActionMask = 2147483647;
			files = (
			);
			inputPaths = (
			);
			name = "Automatically Increment Build Number";
			outputPaths = (
			);
			runOnlyForDeploymentPostprocessing = 0;
			shellPath = /bin/sh;
			shellScript = "#!/bin/bash\nbN=$(/usr/libexec/PlistBuddy -c \"Print CFBundleVersion\" \"$INFOPLIST_FILE\")\nbN=$(($bN + 1))\nbN=$(printf \"%u\" $bN)\n/usr/libexec/PlistBuddy -c \"Set :CFBundleVersion $bN\" \"$INFOPLIST_FILE\"";
		};
/* End PBXShellScriptBuildPhase section */

/* Begin PBXSourcesBuildPhase section */
		4A11D76A1CCAEC3400E4C363 /* Sources */ = {
			isa = PBXSourcesBuildPhase;
			buildActionMask = 2147483647;
			files = (
				4AED656B1CCD023100A70087 /* BaseViewController.swift in Sources */,
				4AED656D1CCD023700A70087 /* BaseViewControllerKeyboard.swift in Sources */,
				4AED656C1CCD023300A70087 /* KeyboardNotificationDelegate.swift in Sources */,
				4AED656F1CCD024100A70087 /* BaseViewControllerConvenience.swift in Sources */,
				4AED65701CCD024400A70087 /* BaseViewControllerFrames.swift in Sources */,
			);
			runOnlyForDeploymentPostprocessing = 0;
		};
		4A11D7751CCAEC3400E4C363 /* Sources */ = {
			isa = PBXSourcesBuildPhase;
			buildActionMask = 2147483647;
			files = (
				4AED65751CCD025900A70087 /* AssertNoException.swift in Sources */,
				4AED65721CCD024B00A70087 /* BaseViewControllerAdjustContentInsetTests.swift in Sources */,
				4AED65661CCD021E00A70087 /* BaseViewControllerFramesTests.swift in Sources */,
				4AED65731CCD024E00A70087 /* NotificationHelper.swift in Sources */,
				4AED65651CCD021A00A70087 /* BaseViewControllerKeyboardNotificationTests.swift in Sources */,
				4AED65711CCD024900A70087 /* BaseViewControllerFirstResponderTests.swift in Sources */,
				4AED65741CCD025600A70087 /* ObjectiveCTry.m in Sources */,
			);
			runOnlyForDeploymentPostprocessing = 0;
		};
/* End PBXSourcesBuildPhase section */

/* Begin PBXTargetDependency section */
		4A11D77C1CCAEC3400E4C363 /* PBXTargetDependency */ = {
			isa = PBXTargetDependency;
			target = 4A11D76E1CCAEC3400E4C363 /* MetovaBase-iOS */;
			targetProxy = 4A11D77B1CCAEC3400E4C363 /* PBXContainerItemProxy */;
		};
/* End PBXTargetDependency section */

/* Begin XCBuildConfiguration section */
		4A11D7681CCAEBB900E4C363 /* Debug */ = {
			isa = XCBuildConfiguration;
			buildSettings = {
				ENABLE_TESTABILITY = YES;
				ONLY_ACTIVE_ARCH = YES;
			};
			name = Debug;
		};
		4A11D7691CCAEBB900E4C363 /* Release */ = {
			isa = XCBuildConfiguration;
			buildSettings = {
			};
			name = Release;
		};
		4A11D7821CCAEC3400E4C363 /* Debug */ = {
			isa = XCBuildConfiguration;
			buildSettings = {
				ALWAYS_SEARCH_USER_PATHS = NO;
				CLANG_CXX_LANGUAGE_STANDARD = "gnu++0x";
				CLANG_CXX_LIBRARY = "libc++";
				CLANG_ENABLE_MODULES = YES;
				CLANG_ENABLE_OBJC_ARC = YES;
				CLANG_WARN_BOOL_CONVERSION = YES;
				CLANG_WARN_CONSTANT_CONVERSION = YES;
				CLANG_WARN_DIRECT_OBJC_ISA_USAGE = YES_ERROR;
				CLANG_WARN_EMPTY_BODY = YES;
				CLANG_WARN_ENUM_CONVERSION = YES;
				CLANG_WARN_INT_CONVERSION = YES;
				CLANG_WARN_OBJC_ROOT_CLASS = YES_ERROR;
				CLANG_WARN_UNREACHABLE_CODE = YES;
				CLANG_WARN__DUPLICATE_METHOD_MATCH = YES;
				"CODE_SIGN_IDENTITY[sdk=iphoneos*]" = "iPhone Developer";
				COPY_PHASE_STRIP = NO;
				CURRENT_PROJECT_VERSION = 1;
				DEBUG_INFORMATION_FORMAT = dwarf;
				DEFINES_MODULE = YES;
				DYLIB_COMPATIBILITY_VERSION = 1;
				DYLIB_CURRENT_VERSION = 1;
				DYLIB_INSTALL_NAME_BASE = "@rpath";
				ENABLE_STRICT_OBJC_MSGSEND = YES;
				ENABLE_TESTABILITY = YES;
				GCC_C_LANGUAGE_STANDARD = gnu99;
				GCC_DYNAMIC_NO_PIC = NO;
				GCC_NO_COMMON_BLOCKS = YES;
				GCC_OPTIMIZATION_LEVEL = 0;
				GCC_PREPROCESSOR_DEFINITIONS = (
					"DEBUG=1",
					"$(inherited)",
				);
				GCC_WARN_64_TO_32_BIT_CONVERSION = YES;
				GCC_WARN_ABOUT_RETURN_TYPE = YES_ERROR;
				GCC_WARN_UNDECLARED_SELECTOR = YES;
				GCC_WARN_UNINITIALIZED_AUTOS = YES_AGGRESSIVE;
				GCC_WARN_UNUSED_FUNCTION = YES;
				GCC_WARN_UNUSED_VARIABLE = YES;
				INFOPLIST_FILE = MetovaBase/Info.plist;
				INSTALL_PATH = "$(LOCAL_LIBRARY_DIR)/Frameworks";
				IPHONEOS_DEPLOYMENT_TARGET = 8.0;
				LD_RUNPATH_SEARCH_PATHS = "$(inherited) @executable_path/Frameworks @loader_path/Frameworks";
				MTL_ENABLE_DEBUG_INFO = YES;
				ONLY_ACTIVE_ARCH = YES;
				PRODUCT_BUNDLE_IDENTIFIER = metova.MetovaBase;
				PRODUCT_NAME = MetovaBase;
				SDKROOT = iphoneos;
				SKIP_INSTALL = YES;
				SWIFT_OPTIMIZATION_LEVEL = "-Onone";
				TARGETED_DEVICE_FAMILY = "1,2";
				VERSIONING_SYSTEM = "apple-generic";
				VERSION_INFO_PREFIX = "";
			};
			name = Debug;
		};
		4A11D7831CCAEC3400E4C363 /* Release */ = {
			isa = XCBuildConfiguration;
			buildSettings = {
				ALWAYS_SEARCH_USER_PATHS = NO;
				CLANG_CXX_LANGUAGE_STANDARD = "gnu++0x";
				CLANG_CXX_LIBRARY = "libc++";
				CLANG_ENABLE_MODULES = YES;
				CLANG_ENABLE_OBJC_ARC = YES;
				CLANG_WARN_BOOL_CONVERSION = YES;
				CLANG_WARN_CONSTANT_CONVERSION = YES;
				CLANG_WARN_DIRECT_OBJC_ISA_USAGE = YES_ERROR;
				CLANG_WARN_EMPTY_BODY = YES;
				CLANG_WARN_ENUM_CONVERSION = YES;
				CLANG_WARN_INT_CONVERSION = YES;
				CLANG_WARN_OBJC_ROOT_CLASS = YES_ERROR;
				CLANG_WARN_UNREACHABLE_CODE = YES;
				CLANG_WARN__DUPLICATE_METHOD_MATCH = YES;
				"CODE_SIGN_IDENTITY[sdk=iphoneos*]" = "iPhone Developer";
				COPY_PHASE_STRIP = NO;
				CURRENT_PROJECT_VERSION = 1;
				DEBUG_INFORMATION_FORMAT = "dwarf-with-dsym";
				DEFINES_MODULE = YES;
				DYLIB_COMPATIBILITY_VERSION = 1;
				DYLIB_CURRENT_VERSION = 1;
				DYLIB_INSTALL_NAME_BASE = "@rpath";
				ENABLE_NS_ASSERTIONS = NO;
				ENABLE_STRICT_OBJC_MSGSEND = YES;
				GCC_C_LANGUAGE_STANDARD = gnu99;
				GCC_NO_COMMON_BLOCKS = YES;
				GCC_WARN_64_TO_32_BIT_CONVERSION = YES;
				GCC_WARN_ABOUT_RETURN_TYPE = YES_ERROR;
				GCC_WARN_UNDECLARED_SELECTOR = YES;
				GCC_WARN_UNINITIALIZED_AUTOS = YES_AGGRESSIVE;
				GCC_WARN_UNUSED_FUNCTION = YES;
				GCC_WARN_UNUSED_VARIABLE = YES;
				INFOPLIST_FILE = MetovaBase/Info.plist;
				INSTALL_PATH = "$(LOCAL_LIBRARY_DIR)/Frameworks";
				IPHONEOS_DEPLOYMENT_TARGET = 8.0;
				LD_RUNPATH_SEARCH_PATHS = "$(inherited) @executable_path/Frameworks @loader_path/Frameworks";
				MTL_ENABLE_DEBUG_INFO = NO;
				PRODUCT_BUNDLE_IDENTIFIER = metova.MetovaBase;
				PRODUCT_NAME = MetovaBase;
				SDKROOT = iphoneos;
				SKIP_INSTALL = YES;
				TARGETED_DEVICE_FAMILY = "1,2";
				VALIDATE_PRODUCT = YES;
				VERSIONING_SYSTEM = "apple-generic";
				VERSION_INFO_PREFIX = "";
			};
			name = Release;
		};
		4A11D7851CCAEC3400E4C363 /* Debug */ = {
			isa = XCBuildConfiguration;
			buildSettings = {
				ALWAYS_SEARCH_USER_PATHS = NO;
				CLANG_CXX_LANGUAGE_STANDARD = "gnu++0x";
				CLANG_CXX_LIBRARY = "libc++";
				CLANG_ENABLE_MODULES = YES;
				CLANG_ENABLE_OBJC_ARC = YES;
				CLANG_WARN_BOOL_CONVERSION = YES;
				CLANG_WARN_CONSTANT_CONVERSION = YES;
				CLANG_WARN_DIRECT_OBJC_ISA_USAGE = YES_ERROR;
				CLANG_WARN_EMPTY_BODY = YES;
				CLANG_WARN_ENUM_CONVERSION = YES;
				CLANG_WARN_INT_CONVERSION = YES;
				CLANG_WARN_OBJC_ROOT_CLASS = YES_ERROR;
				CLANG_WARN_UNREACHABLE_CODE = YES;
				CLANG_WARN__DUPLICATE_METHOD_MATCH = YES;
				"CODE_SIGN_IDENTITY[sdk=iphoneos*]" = "iPhone Developer";
				COPY_PHASE_STRIP = NO;
				DEBUG_INFORMATION_FORMAT = dwarf;
				ENABLE_STRICT_OBJC_MSGSEND = YES;
				ENABLE_TESTABILITY = YES;
				GCC_C_LANGUAGE_STANDARD = gnu99;
				GCC_DYNAMIC_NO_PIC = NO;
				GCC_NO_COMMON_BLOCKS = YES;
				GCC_OPTIMIZATION_LEVEL = 0;
				GCC_PREPROCESSOR_DEFINITIONS = (
					"DEBUG=1",
					"$(inherited)",
				);
				GCC_WARN_64_TO_32_BIT_CONVERSION = YES;
				GCC_WARN_ABOUT_RETURN_TYPE = YES_ERROR;
				GCC_WARN_UNDECLARED_SELECTOR = YES;
				GCC_WARN_UNINITIALIZED_AUTOS = YES_AGGRESSIVE;
				GCC_WARN_UNUSED_FUNCTION = YES;
				GCC_WARN_UNUSED_VARIABLE = YES;
				INFOPLIST_FILE = MetovaBaseTests/Info.plist;
				IPHONEOS_DEPLOYMENT_TARGET = 9.2;
				LD_RUNPATH_SEARCH_PATHS = "$(inherited) @executable_path/Frameworks @loader_path/Frameworks";
				MTL_ENABLE_DEBUG_INFO = YES;
				ONLY_ACTIVE_ARCH = YES;
				PRODUCT_BUNDLE_IDENTIFIER = "metova.MetovaBase-iOSTests";
				PRODUCT_MODULE_NAME = MetovaBaseTests;
				PRODUCT_NAME = MetovaBase;
				SDKROOT = iphoneos;
				SWIFT_OBJC_BRIDGING_HEADER = "MetovaBaseTests/ObjectiveC/MetovaBaseTests-Bridging-Header.h";
				SWIFT_OPTIMIZATION_LEVEL = "-Onone";
			};
			name = Debug;
		};
		4A11D7861CCAEC3400E4C363 /* Release */ = {
			isa = XCBuildConfiguration;
			buildSettings = {
				ALWAYS_SEARCH_USER_PATHS = NO;
				CLANG_CXX_LANGUAGE_STANDARD = "gnu++0x";
				CLANG_CXX_LIBRARY = "libc++";
				CLANG_ENABLE_MODULES = YES;
				CLANG_ENABLE_OBJC_ARC = YES;
				CLANG_WARN_BOOL_CONVERSION = YES;
				CLANG_WARN_CONSTANT_CONVERSION = YES;
				CLANG_WARN_DIRECT_OBJC_ISA_USAGE = YES_ERROR;
				CLANG_WARN_EMPTY_BODY = YES;
				CLANG_WARN_ENUM_CONVERSION = YES;
				CLANG_WARN_INT_CONVERSION = YES;
				CLANG_WARN_OBJC_ROOT_CLASS = YES_ERROR;
				CLANG_WARN_UNREACHABLE_CODE = YES;
				CLANG_WARN__DUPLICATE_METHOD_MATCH = YES;
				"CODE_SIGN_IDENTITY[sdk=iphoneos*]" = "iPhone Developer";
				COPY_PHASE_STRIP = NO;
				DEBUG_INFORMATION_FORMAT = "dwarf-with-dsym";
				ENABLE_NS_ASSERTIONS = NO;
				ENABLE_STRICT_OBJC_MSGSEND = YES;
				GCC_C_LANGUAGE_STANDARD = gnu99;
				GCC_NO_COMMON_BLOCKS = YES;
				GCC_WARN_64_TO_32_BIT_CONVERSION = YES;
				GCC_WARN_ABOUT_RETURN_TYPE = YES_ERROR;
				GCC_WARN_UNDECLARED_SELECTOR = YES;
				GCC_WARN_UNINITIALIZED_AUTOS = YES_AGGRESSIVE;
				GCC_WARN_UNUSED_FUNCTION = YES;
				GCC_WARN_UNUSED_VARIABLE = YES;
				INFOPLIST_FILE = MetovaBaseTests/Info.plist;
				IPHONEOS_DEPLOYMENT_TARGET = 9.2;
				LD_RUNPATH_SEARCH_PATHS = "$(inherited) @executable_path/Frameworks @loader_path/Frameworks";
				MTL_ENABLE_DEBUG_INFO = NO;
				PRODUCT_BUNDLE_IDENTIFIER = "metova.MetovaBase-iOSTests";
				PRODUCT_MODULE_NAME = MetovaBaseTests;
				PRODUCT_NAME = MetovaBase;
				SDKROOT = iphoneos;
				SWIFT_OBJC_BRIDGING_HEADER = "MetovaBaseTests/ObjectiveC/MetovaBaseTests-Bridging-Header.h";
				VALIDATE_PRODUCT = YES;
			};
			name = Release;
		};
/* End XCBuildConfiguration section */

/* Begin XCConfigurationList section */
		4A11D7671CCAEBB900E4C363 /* Build configuration list for PBXProject "MetovaBase" */ = {
			isa = XCConfigurationList;
			buildConfigurations = (
				4A11D7681CCAEBB900E4C363 /* Debug */,
				4A11D7691CCAEBB900E4C363 /* Release */,
			);
			defaultConfigurationIsVisible = 0;
			defaultConfigurationName = Release;
		};
		4A11D7811CCAEC3400E4C363 /* Build configuration list for PBXNativeTarget "MetovaBase-iOS" */ = {
			isa = XCConfigurationList;
			buildConfigurations = (
				4A11D7821CCAEC3400E4C363 /* Debug */,
				4A11D7831CCAEC3400E4C363 /* Release */,
			);
			defaultConfigurationIsVisible = 0;
			defaultConfigurationName = Release;
		};
		4A11D7841CCAEC3400E4C363 /* Build configuration list for PBXNativeTarget "MetovaBase-iOSTests" */ = {
			isa = XCConfigurationList;
			buildConfigurations = (
				4A11D7851CCAEC3400E4C363 /* Debug */,
				4A11D7861CCAEC3400E4C363 /* Release */,
			);
			defaultConfigurationIsVisible = 0;
			defaultConfigurationName = Release;
		};
/* End XCConfigurationList section */
	};
	rootObject = 4A11D7641CCAEBB900E4C363 /* Project object */;
}
