// !$*UTF8*$!
{
	archiveVersion = 1;
	classes = {
	};
	objectVersion = 46;
	objects = {

/* Begin PBXGroup section */
		4A11D7631CCAEBB900E4C363 = {
			isa = PBXGroup;
			children = (
			);
			sourceTree = "<group>";
		};
/* End PBXGroup section */

/* Begin PBXProject section */
		4A11D7641CCAEBB900E4C363 /* Project object */ = {
			isa = PBXProject;
			attributes = {
				LastUpgradeCheck = 0720;
			};
			buildConfigurationList = 4A11D7671CCAEBB900E4C363 /* Build configuration list for PBXProject "BaseCamp" */;
			compatibilityVersion = "Xcode 3.2";
			developmentRegion = English;
			hasScannedForEncodings = 0;
			knownRegions = (
				en,
			);
			mainGroup = 4A11D7631CCAEBB900E4C363;
			projectDirPath = "";
			projectRoot = "";
			targets = (
			);
		};
/* End PBXProject section */

/* Begin XCBuildConfiguration section */
		4A11D7681CCAEBB900E4C363 /* Debug */ = {
			isa = XCBuildConfiguration;
			buildSettings = {
			};
			name = Debug;
		};
		4A11D7691CCAEBB900E4C363 /* Release */ = {
			isa = XCBuildConfiguration;
			buildSettings = {
			};
			name = Release;
		};
/* End XCBuildConfiguration section */

/* Begin XCConfigurationList section */
		4A11D7671CCAEBB900E4C363 /* Build configuration list for PBXProject "BaseCamp" */ = {
			isa = XCConfigurationList;
			buildConfigurations = (
				4A11D7681CCAEBB900E4C363 /* Debug */,
				4A11D7691CCAEBB900E4C363 /* Release */,
			);
			defaultConfigurationIsVisible = 0;
			defaultConfigurationName = Release;
		};
/* End XCConfigurationList section */
	};
	rootObject = 4A11D7641CCAEBB900E4C363 /* Project object */;
}
